// !$*UTF8*$!
{
	archiveVersion = 1;
	classes = {
	};
	objectVersion = 46;
	objects = {

/* Begin PBXBuildFile section */
		E254D2D81DA5ABA000E56619 /* main.m in Sources */ = {isa = PBXBuildFile; fileRef = E254D2D71DA5ABA000E56619 /* main.m */; };
		E254D2E01DA5ACDB00E56619 /* Car.m in Sources */ = {isa = PBXBuildFile; fileRef = E254D2DF1DA5ACDB00E56619 /* Car.m */; };
		E254D2E91DA7EAE700E56619 /* Toyota.m in Sources */ = {isa = PBXBuildFile; fileRef = E254D2E81DA7EAE700E56619 /* Toyota.m */; };
/* End PBXBuildFile section */

/* Begin PBXCopyFilesBuildPhase section */
		E254D2D21DA5ABA000E56619 /* CopyFiles */ = {
			isa = PBXCopyFilesBuildPhase;
			buildActionMask = 2147483647;
			dstPath = /usr/share/man/man1/;
			dstSubfolderSpec = 0;
			files = (
			);
			runOnlyForDeploymentPostprocessing = 1;
		};
/* End PBXCopyFilesBuildPhase section */

/* Begin PBXFileReference section */
		E254D2D41DA5ABA000E56619 /* Toyotas are Cars too */ = {isa = PBXFileReference; explicitFileType = "compiled.mach-o.executable"; includeInIndex = 0; path = "Toyotas are Cars too"; sourceTree = BUILT_PRODUCTS_DIR; };
		E254D2D71DA5ABA000E56619 /* main.m */ = {isa = PBXFileReference; lastKnownFileType = sourcecode.c.objc; path = main.m; sourceTree = "<group>"; };
		E254D2DE1DA5ACDB00E56619 /* Car.h */ = {isa = PBXFileReference; fileEncoding = 4; lastKnownFileType = sourcecode.c.h; path = Car.h; sourceTree = "<group>"; };
		E254D2DF1DA5ACDB00E56619 /* Car.m */ = {isa = PBXFileReference; fileEncoding = 4; lastKnownFileType = sourcecode.c.objc; path = Car.m; sourceTree = "<group>"; };
		E254D2E71DA7EAE700E56619 /* Toyota.h */ = {isa = PBXFileReference; fileEncoding = 4; lastKnownFileType = sourcecode.c.h; path = Toyota.h; sourceTree = "<group>"; };
		E254D2E81DA7EAE700E56619 /* Toyota.m */ = {isa = PBXFileReference; fileEncoding = 4; lastKnownFileType = sourcecode.c.objc; path = Toyota.m; sourceTree = "<group>"; };
/* End PBXFileReference section */

/* Begin PBXFrameworksBuildPhase section */
		E254D2D11DA5ABA000E56619 /* Frameworks */ = {
			isa = PBXFrameworksBuildPhase;
			buildActionMask = 2147483647;
			files = (
			);
			runOnlyForDeploymentPostprocessing = 0;
		};
/* End PBXFrameworksBuildPhase section */

/* Begin PBXGroup section */
		E254D2CB1DA5ABA000E56619 = {
			isa = PBXGroup;
			children = (
				E254D2D61DA5ABA000E56619 /* Toyotas are Cars too */,
				E254D2D51DA5ABA000E56619 /* Products */,
			);
			sourceTree = "<group>";
		};
		E254D2D51DA5ABA000E56619 /* Products */ = {
			isa = PBXGroup;
			children = (
				E254D2D41DA5ABA000E56619 /* Toyotas are Cars too */,
			);
			name = Products;
			sourceTree = "<group>";
		};
		E254D2D61DA5ABA000E56619 /* Toyotas are Cars too */ = {
			isa = PBXGroup;
			children = (
				E254D2D71DA5ABA000E56619 /* main.m */,
				E254D2E71DA7EAE700E56619 /* Toyota.h */,
				E254D2E81DA7EAE700E56619 /* Toyota.m */,
				E254D2DE1DA5ACDB00E56619 /* Car.h */,
				E254D2DF1DA5ACDB00E56619 /* Car.m */,
			);
			path = "Toyotas are Cars too";
			sourceTree = "<group>";
		};
/* End PBXGroup section */

/* Begin PBXNativeTarget section */
		E254D2D31DA5ABA000E56619 /* Toyotas are Cars too */ = {
			isa = PBXNativeTarget;
			buildConfigurationList = E254D2DB1DA5ABA000E56619 /* Build configuration list for PBXNativeTarget "Toyotas are Cars too" */;
			buildPhases = (
				E254D2D01DA5ABA000E56619 /* Sources */,
				E254D2D11DA5ABA000E56619 /* Frameworks */,
				E254D2D21DA5ABA000E56619 /* CopyFiles */,
			);
			buildRules = (
			);
			dependencies = (
			);
			name = "Toyotas are Cars too";
			productName = "Toyotas are Cars too";
			productReference = E254D2D41DA5ABA000E56619 /* Toyotas are Cars too */;
			productType = "com.apple.product-type.tool";
		};
/* End PBXNativeTarget section */

/* Begin PBXProject section */
		E254D2CC1DA5ABA000E56619 /* Project object */ = {
			isa = PBXProject;
			attributes = {
				LastUpgradeCheck = 0800;
				ORGANIZATIONNAME = "Stefan Verveniotis";
				TargetAttributes = {
					E254D2D31DA5ABA000E56619 = {
						CreatedOnToolsVersion = 8.0;
						ProvisioningStyle = Automatic;
					};
				};
			};
			buildConfigurationList = E254D2CF1DA5ABA000E56619 /* Build configuration list for PBXProject "Toyotas are Cars too" */;
			compatibilityVersion = "Xcode 3.2";
			developmentRegion = English;
			hasScannedForEncodings = 0;
			knownRegions = (
				en,
			);
			mainGroup = E254D2CB1DA5ABA000E56619;
			productRefGroup = E254D2D51DA5ABA000E56619 /* Products */;
			projectDirPath = "";
			projectRoot = "";
			targets = (
				E254D2D31DA5ABA000E56619 /* Toyotas are Cars too */,
			);
		};
/* End PBXProject section */

/* Begin PBXSourcesBuildPhase section */
		E254D2D01DA5ABA000E56619 /* Sources */ = {
			isa = PBXSourcesBuildPhase;
			buildActionMask = 2147483647;
			files = (
				E254D2E91DA7EAE700E56619 /* Toyota.m in Sources */,
				E254D2E01DA5ACDB00E56619 /* Car.m in Sources */,
				E254D2D81DA5ABA000E56619 /* main.m in Sources */,
			);
			runOnlyForDeploymentPostprocessing = 0;
		};
/* End PBXSourcesBuildPhase section */

/* Begin XCBuildConfiguration section */
		E254D2D91DA5ABA000E56619 /* Debug */ = {
			isa = XCBuildConfiguration;
			buildSettings = {
				ALWAYS_SEARCH_USER_PATHS = NO;
				CLANG_ANALYZER_NONNULL = YES;
				CLANG_CXX_LANGUAGE_STANDARD = "gnu++0x";
				CLANG_CXX_LIBRARY = "libc++";
				CLANG_ENABLE_MODULES = YES;
				CLANG_ENABLE_OBJC_ARC = YES;
				CLANG_WARN_BOOL_CONVERSION = YES;
				CLANG_WARN_CONSTANT_CONVERSION = YES;
				CLANG_WARN_DIRECT_OBJC_ISA_USAGE = YES_ERROR;
				CLANG_WARN_DOCUMENTATION_COMMENTS = YES;
				CLANG_WARN_EMPTY_BODY = YES;
				CLANG_WARN_ENUM_CONVERSION = YES;
				CLANG_WARN_INFINITE_RECURSION = YES;
				CLANG_WARN_INT_CONVERSION = YES;
				CLANG_WARN_OBJC_ROOT_CLASS = YES_ERROR;
				CLANG_WARN_SUSPICIOUS_MOVES = YES;
				CLANG_WARN_UNREACHABLE_CODE = YES;
				CLANG_WARN__DUPLICATE_METHOD_MATCH = YES;
				CODE_SIGN_IDENTITY = "-";
				COPY_PHASE_STRIP = NO;
				DEBUG_INFORMATION_FORMAT = dwarf;
				ENABLE_STRICT_OBJC_MSGSEND = YES;
				ENABLE_TESTABILITY = YES;
				GCC_C_LANGUAGE_STANDARD = gnu99;
				GCC_DYNAMIC_NO_PIC = NO;
				GCC_NO_COMMON_BLOCKS = YES;
				GCC_OPTIMIZATION_LEVEL = 0;
				GCC_PREPROCESSOR_DEFINITIONS = (
					"DEBUG=1",
					"$(inherited)",
				);
				GCC_WARN_64_TO_32_BIT_CONVERSION = YES;
				GCC_WARN_ABOUT_RETURN_TYPE = YES_ERROR;
				GCC_WARN_UNDECLARED_SELECTOR = YES;
				GCC_WARN_UNINITIALIZED_AUTOS = YES_AGGRESSIVE;
				GCC_WARN_UNUSED_FUNCTION = YES;
				GCC_WARN_UNUSED_VARIABLE = YES;
				MACOSX_DEPLOYMENT_TARGET = 10.11;
				MTL_ENABLE_DEBUG_INFO = YES;
				ONLY_ACTIVE_ARCH = YES;
				SDKROOT = macosx;
			};
			name = Debug;
		};
		E254D2DA1DA5ABA000E56619 /* Release */ = {
			isa = XCBuildConfiguration;
			buildSettings = {
				ALWAYS_SEARCH_USER_PATHS = NO;
				CLANG_ANALYZER_NONNULL = YES;
				CLANG_CXX_LANGUAGE_STANDARD = "gnu++0x";
				CLANG_CXX_LIBRARY = "libc++";
				CLANG_ENABLE_MODULES = YES;
				CLANG_ENABLE_OBJC_ARC = YES;
				CLANG_WARN_BOOL_CONVERSION = YES;
				CLANG_WARN_CONSTANT_CONVERSION = YES;
				CLANG_WARN_DIRECT_OBJC_ISA_USAGE = YES_ERROR;
				CLANG_WARN_DOCUMENTATION_COMMENTS = YES;
				CLANG_WARN_EMPTY_BODY = YES;
				CLANG_WARN_ENUM_CONVERSION = YES;
				CLANG_WARN_INFINITE_RECURSION = YES;
				CLANG_WARN_INT_CONVERSION = YES;
				CLANG_WARN_OBJC_ROOT_CLASS = YES_ERROR;
				CLANG_WARN_SUSPICIOUS_MOVES = YES;
				CLANG_WARN_UNREACHABLE_CODE = YES;
				CLANG_WARN__DUPLICATE_METHOD_MATCH = YES;
				CODE_SIGN_IDENTITY = "-";
				COPY_PHASE_STRIP = NO;
				DEBUG_INFORMATION_FORMAT = "dwarf-with-dsym";
				ENABLE_NS_ASSERTIONS = NO;
				ENABLE_STRICT_OBJC_MSGSEND = YES;
				GCC_C_LANGUAGE_STANDARD = gnu99;
				GCC_NO_COMMON_BLOCKS = YES;
				GCC_WARN_64_TO_32_BIT_CONVERSION = YES;
				GCC_WARN_ABOUT_RETURN_TYPE = YES_ERROR;
				GCC_WARN_UNDECLARED_SELECTOR = YES;
				GCC_WARN_UNINITIALIZED_AUTOS = YES_AGGRESSIVE;
				GCC_WARN_UNUSED_FUNCTION = YES;
				GCC_WARN_UNUSED_VARIABLE = YES;
				MACOSX_DEPLOYMENT_TARGET = 10.11;
				MTL_ENABLE_DEBUG_INFO = NO;
				SDKROOT = macosx;
			};
			name = Release;
		};
		E254D2DC1DA5ABA000E56619 /* Debug */ = {
			isa = XCBuildConfiguration;
			buildSettings = {
				PRODUCT_NAME = "$(TARGET_NAME)";
			};
			name = Debug;
		};
		E254D2DD1DA5ABA000E56619 /* Release */ = {
			isa = XCBuildConfiguration;
			buildSettings = {
				PRODUCT_NAME = "$(TARGET_NAME)";
			};
			name = Release;
		};
/* End XCBuildConfiguration section */

/* Begin XCConfigurationList section */
		E254D2CF1DA5ABA000E56619 /* Build configuration list for PBXProject "Toyotas are Cars too" */ = {
			isa = XCConfigurationList;
			buildConfigurations = (
				E254D2D91DA5ABA000E56619 /* Debug */,
				E254D2DA1DA5ABA000E56619 /* Release */,
			);
			defaultConfigurationIsVisible = 0;
			defaultConfigurationName = Release;
		};
		E254D2DB1DA5ABA000E56619 /* Build configuration list for PBXNativeTarget "Toyotas are Cars too" */ = {
			isa = XCConfigurationList;
			buildConfigurations = (
				E254D2DC1DA5ABA000E56619 /* Debug */,
				E254D2DD1DA5ABA000E56619 /* Release */,
			);
			defaultConfigurationIsVisible = 0;
		};
/* End XCConfigurationList section */
	};
	rootObject = E254D2CC1DA5ABA000E56619 /* Project object */;
}
